
Microsoft Visual Studio Solution File, Format Version 12.00
# Visual Studio Version 17
VisualStudioVersion = 17.14.36414.22 d17.14
MinimumVisualStudioVersion = 10.0.40219.1
Project("{FAE04EC0-301F-11D3-BF4B-00C04F79EFBC}") = "Roguelike", "Roguelike.csproj", "{51FF597E-93D7-44D6-9158-D696E44D350F}"
EndProject
Global
	GlobalSection(SolutionConfigurationPlatforms) = preSolution
		Debug|Any CPU = Debug|Any CPU
		Release|Any CPU = Release|Any CPU
	EndGlobalSection
	GlobalSection(ProjectConfigurationPlatforms) = postSolution
		{51FF597E-93D7-44D6-9158-D696E44D350F}.Debug|Any CPU.ActiveCfg = Debug|Any CPU
		{51FF597E-93D7-44D6-9158-D696E44D350F}.Debug|Any CPU.Build.0 = Debug|Any CPU
		{51FF597E-93D7-44D6-9158-D696E44D350F}.Release|Any CPU.ActiveCfg = Release|Any CPU
		{51FF597E-93D7-44D6-9158-D696E44D350F}.Release|Any CPU.Build.0 = Release|Any CPU
	EndGlobalSection
	GlobalSection(SolutionProperties) = preSolution
		HideSolutionNode = FALSE
	EndGlobalSection
	GlobalSection(ExtensibilityGlobals) = postSolution
		SolutionGuid = {FF3914C0-312D-4C8A-8A45-91EC1FBF6FD4}
	EndGlobalSection
EndGlobal
